
Microsoft Visual Studio Solution File, Format Version 12.00
# Visual Studio 15
VisualStudioVersion = 15.0.28307.168
MinimumVisualStudioVersion = 10.0.40219.1
Project("{FAE04EC0-301F-11D3-BF4B-00C04F79EFBC}") = "SalesManagement.Server", "SalesManagement.Server\SalesManagement.Server.csproj", "{DB04E4BD-212E-4860-92DA-D37469002CC3}"
EndProject
Project("{FAE04EC0-301F-11D3-BF4B-00C04F79EFBC}") = "SalesManagement.Client", "SalesManagement.Client\SalesManagement.Client.csproj", "{308A2CF7-4388-48B0-8182-9650936AB07C}"
EndProject
Project("{FAE04EC0-301F-11D3-BF4B-00C04F79EFBC}") = "SalesManagement.Shared", "SalesManagement.Shared\SalesManagement.Shared.csproj", "{CBAD2D34-C9A6-4872-B0F9-9AA48B47DBE5}"
EndProject
Global
	GlobalSection(SolutionConfigurationPlatforms) = preSolution
		Debug|Any CPU = Debug|Any CPU
		Release|Any CPU = Release|Any CPU
	EndGlobalSection
	GlobalSection(ProjectConfigurationPlatforms) = postSolution
		{DB04E4BD-212E-4860-92DA-D37469002CC3}.Debug|Any CPU.ActiveCfg = Debug|Any CPU
		{DB04E4BD-212E-4860-92DA-D37469002CC3}.Debug|Any CPU.Build.0 = Debug|Any CPU
		{DB04E4BD-212E-4860-92DA-D37469002CC3}.Release|Any CPU.ActiveCfg = Release|Any CPU
		{DB04E4BD-212E-4860-92DA-D37469002CC3}.Release|Any CPU.Build.0 = Release|Any CPU
		{308A2CF7-4388-48B0-8182-9650936AB07C}.Debug|Any CPU.ActiveCfg = Debug|Any CPU
		{308A2CF7-4388-48B0-8182-9650936AB07C}.Debug|Any CPU.Build.0 = Debug|Any CPU
		{308A2CF7-4388-48B0-8182-9650936AB07C}.Release|Any CPU.ActiveCfg = Release|Any CPU
		{308A2CF7-4388-48B0-8182-9650936AB07C}.Release|Any CPU.Build.0 = Release|Any CPU
		{CBAD2D34-C9A6-4872-B0F9-9AA48B47DBE5}.Debug|Any CPU.ActiveCfg = Debug|Any CPU
		{CBAD2D34-C9A6-4872-B0F9-9AA48B47DBE5}.Debug|Any CPU.Build.0 = Debug|Any CPU
		{CBAD2D34-C9A6-4872-B0F9-9AA48B47DBE5}.Release|Any CPU.ActiveCfg = Release|Any CPU
		{CBAD2D34-C9A6-4872-B0F9-9AA48B47DBE5}.Release|Any CPU.Build.0 = Release|Any CPU
	EndGlobalSection
	GlobalSection(SolutionProperties) = preSolution
		HideSolutionNode = FALSE
	EndGlobalSection
	GlobalSection(ExtensibilityGlobals) = postSolution
		SolutionGuid = {54DA03DE-C8DF-467C-A1A4-72669E8854F4}
	EndGlobalSection
EndGlobal
